{
	"name": "w3p-tunnel",
	"version": "1.0.0",
	"lockfileVersion": 3,
	"requires": true,
	"packages": {
		"": {
			"name": "w3p-tunnel",
			"version": "1.0.0",
			"license": "MIT",
			"workspaces": [
				"packages/server",
				"packages/client"
			]
		},
		"node_modules/w3p-tunnel-client": {
			"resolved": "packages/client",
			"link": true
		},
		"node_modules/w3p-tunnel-server": {
			"resolved": "packages/server",
			"link": true
		},
		"packages/client": {
			"name": "w3p-tunnel-client",
			"version": "1.0.0",
			"license": "MIT",
			"devDependencies": {}
		},
		"packages/server": {
			"name": "w3p-tunnel-server",
			"version": "1.0.0",
			"license": "MIT"
		}
	}
}
